
Microsoft Visual Studio Solution File, Format Version 12.00
# Visual Studio Version 16
VisualStudioVersion = 16.0.29201.188
MinimumVisualStudioVersion = 10.0.40219.1
Project("{8BC9CEB8-8B4A-11D0-8D11-00A0C91BC942}") = "raycasting", "raycasting\raycasting.vcxproj", "{04F3AC11-45F5-461D-84D4-4757B15B80B4}"
EndProject
Global
	GlobalSection(SolutionConfigurationPlatforms) = preSolution
		Debug|x64 = Debug|x64
		Debug|x86 = Debug|x86
		Release|x64 = Release|x64
		Release|x86 = Release|x86
	EndGlobalSection
	GlobalSection(ProjectConfigurationPlatforms) = postSolution
		{04F3AC11-45F5-461D-84D4-4757B15B80B4}.Debug|x64.ActiveCfg = Debug|x64
		{04F3AC11-45F5-461D-84D4-4757B15B80B4}.Debug|x64.Build.0 = Debug|x64
		{04F3AC11-45F5-461D-84D4-4757B15B80B4}.Debug|x86.ActiveCfg = Debug|Win32
		{04F3AC11-45F5-461D-84D4-4757B15B80B4}.Debug|x86.Build.0 = Debug|Win32
		{04F3AC11-45F5-461D-84D4-4757B15B80B4}.Release|x64.ActiveCfg = Release|x64
		{04F3AC11-45F5-461D-84D4-4757B15B80B4}.Release|x64.Build.0 = Release|x64
		{04F3AC11-45F5-461D-84D4-4757B15B80B4}.Release|x86.ActiveCfg = Release|Win32
		{04F3AC11-45F5-461D-84D4-4757B15B80B4}.Release|x86.Build.0 = Release|Win32
	EndGlobalSection
	GlobalSection(SolutionProperties) = preSolution
		HideSolutionNode = FALSE
	EndGlobalSection
	GlobalSection(ExtensibilityGlobals) = postSolution
		SolutionGuid = {1634B447-3D08-4DB9-BA59-A1ABE1B54413}
	EndGlobalSection
EndGlobal
